
Microsoft Visual Studio Solution File, Format Version 12.00
# Visual Studio 15
VisualStudioVersion = 15.0.28307.1022
MinimumVisualStudioVersion = 10.0.40219.1
Project("{FAE04EC0-301F-11D3-BF4B-00C04F79EFBC}") = "StoreManager", "StoreManager\StoreManager.csproj", "{7CE6F3FC-95F2-4A4A-912D-0A918D7A0E5B}"
EndProject
Global
	GlobalSection(SolutionConfigurationPlatforms) = preSolution
		Debug|Any CPU = Debug|Any CPU
		Release|Any CPU = Release|Any CPU
	EndGlobalSection
	GlobalSection(ProjectConfigurationPlatforms) = postSolution
		{7CE6F3FC-95F2-4A4A-912D-0A918D7A0E5B}.Debug|Any CPU.ActiveCfg = Debug|Any CPU
		{7CE6F3FC-95F2-4A4A-912D-0A918D7A0E5B}.Debug|Any CPU.Build.0 = Debug|Any CPU
		{7CE6F3FC-95F2-4A4A-912D-0A918D7A0E5B}.Release|Any CPU.ActiveCfg = Release|Any CPU
		{7CE6F3FC-95F2-4A4A-912D-0A918D7A0E5B}.Release|Any CPU.Build.0 = Release|Any CPU
	EndGlobalSection
	GlobalSection(SolutionProperties) = preSolution
		HideSolutionNode = FALSE
	EndGlobalSection
	GlobalSection(ExtensibilityGlobals) = postSolution
		SolutionGuid = {149B0881-69DB-4ECF-B709-FCD80B509E9D}
	EndGlobalSection
EndGlobal
